{
  "name": "@filipecarneiro/hugo-bootstrap-theme",
  "version": "2.0.10",
  "lockfileVersion": 3,
  "requires": true,
  "packages": {
    "": {
      "name": "@filipecarneiro/hugo-bootstrap-theme",
      "version": "2.0.10",
      "license": "MIT",
      "devDependencies": {
        "bootstrap": "^5.3.8",
        "feather-icons": "^4.29.2"
      }
    },
    "node_modules/@popperjs/core": {
      "version": "2.11.8",
      "resolved": "https://registry.npmjs.org/@popperjs/core/-/core-2.11.8.tgz",
      "integrity": "sha512-P1st0aksCrn9sGZhp8GMYwBnQsbvAWsZAX44oXNNvLHGqAOcoVxmjZiohstwQ7SqKnbR47akdNi+uleWD8+g6A==",
      "dev": true,
      "license": "MIT",
      "peer": true,
      "funding": {
        "type": "opencollective",
        "url": "https://opencollective.com/popperjs"
      }
    },
    "node_modules/bootstrap": {
      "version": "5.3.8",
      "resolved": "https://registry.npmjs.org/bootstrap/-/bootstrap-5.3.8.tgz",
      "integrity": "sha512-HP1SZDqaLDPwsNiqRqi5NcP0SSXciX2s9E+RyqJIIqGo+vJeN5AJVM98CXmW/Wux0nQ5L7jeWUdplCEf0Ee+tg==",
      "dev": true,
      "funding": [
        {
          "type": "github",
          "url": "https://github.com/sponsors/twbs"
        },
        {
          "type": "opencollective",
          "url": "https://opencollective.com/bootstrap"
        }
      ],
      "license": "MIT",
      "peerDependencies": {
        "@popperjs/core": "^2.11.8"
      }
    },
    "node_modules/classnames": {
      "version": "2.5.1",
      "resolved": "https://registry.npmjs.org/classnames/-/classnames-2.5.1.tgz",
      "integrity": "sha512-saHYOzhIQs6wy2sVxTM6bUDsQO4F50V9RQ22qBpEdCW+I+/Wmke2HOl6lS6dTpdxVhb88/I6+Hs+438c3lfUow==",
      "dev": true,
      "license": "MIT"
    },
    "node_modules/core-js": {
      "version": "3.49.0",
      "resolved": "https://registry.npmjs.org/core-js/-/core-js-3.49.0.tgz",
      "integrity": "sha512-es1U2+YTtzpwkxVLwAFdSpaIMyQaq0PBgm3YD1W3Qpsn1NAmO3KSgZfu+oGSWVu6NvLHoHCV/aYcsE5wiB7ALg==",
      "dev": true,
      "hasInstallScript": true,
      "license": "MIT",
      "funding": {
        "type": "opencollective",
        "url": "https://opencollective.com/core-js"
      }
    },
    "node_modules/feather-icons": {
      "version": "4.29.2",
      "resolved": "https://registry.npmjs.org/feather-icons/-/feather-icons-4.29.2.tgz",
      "integrity": "sha512-0TaCFTnBTVCz6U+baY2UJNKne5ifGh7sMG4ZC2LoBWCZdIyPa+y6UiR4lEYGws1JOFWdee8KAsAIvu0VcXqiqA==",
      "dev": true,
      "license": "MIT",
      "dependencies": {
        "classnames": "^2.2.5",
        "core-js": "^3.1.3"
      }
    }
  }
}
